// !$*UTF8*$!
{
	archiveVersion = 1;
	classes = {
	};
	objectVersion = 55;
	objects = {

/* Begin PBXBuildFile section */
		A254681A27B640DC00451876 /* Sudoku_DemoApp.swift in Sources */ = {isa = PBXBuildFile; fileRef = A254681927B640DC00451876 /* Sudoku_DemoApp.swift */; };
		A254681C27B640DC00451876 /* HomePageView.swift in Sources */ = {isa = PBXBuildFile; fileRef = A254681B27B640DC00451876 /* HomePageView.swift */; };
		A254681E27B640DE00451876 /* Assets.xcassets in Resources */ = {isa = PBXBuildFile; fileRef = A254681D27B640DE00451876 /* Assets.xcassets */; };
		A254682127B640DE00451876 /* Preview Assets.xcassets in Resources */ = {isa = PBXBuildFile; fileRef = A254682027B640DE00451876 /* Preview Assets.xcassets */; };
		A254682827B6419E00451876 /* SudokuViewModel.swift in Sources */ = {isa = PBXBuildFile; fileRef = A254682727B6419E00451876 /* SudokuViewModel.swift */; };
		A254682A27B641BD00451876 /* Cell.swift in Sources */ = {isa = PBXBuildFile; fileRef = A254682927B641BD00451876 /* Cell.swift */; };
		A254682C27B641C900451876 /* SudokuPageView.swift in Sources */ = {isa = PBXBuildFile; fileRef = A254682B27B641C900451876 /* SudokuPageView.swift */; };
		A254682E27B641D600451876 /* SudokuCellView.swift in Sources */ = {isa = PBXBuildFile; fileRef = A254682D27B641D600451876 /* SudokuCellView.swift */; };
		A254683427B6426300451876 /* DLX.swift in Sources */ = {isa = PBXBuildFile; fileRef = A254683327B6426300451876 /* DLX.swift */; };
		A254683627B6427100451876 /* DLXController.swift in Sources */ = {isa = PBXBuildFile; fileRef = A254683527B6427100451876 /* DLXController.swift */; };
		A254683927B642B200451876 /* AppController.swift in Sources */ = {isa = PBXBuildFile; fileRef = A254683827B642B200451876 /* AppController.swift */; };
		A254683B27B642C600451876 /* ColorController.swift in Sources */ = {isa = PBXBuildFile; fileRef = A254683A27B642C600451876 /* ColorController.swift */; };
		A254687027BB730800451876 /* FillButtonView.swift in Sources */ = {isa = PBXBuildFile; fileRef = A254686F27BB730800451876 /* FillButtonView.swift */; };
		A254687227BB74AA00451876 /* UtilModel.swift in Sources */ = {isa = PBXBuildFile; fileRef = A254687127BB74AA00451876 /* UtilModel.swift */; };
		A268D91F27F2B3710018EBDD /* TimeCounter.swift in Sources */ = {isa = PBXBuildFile; fileRef = A268D91E27F2B3710018EBDD /* TimeCounter.swift */; };
		A2BA09C427D9C2F10000BC0F /* CellList.swift in Sources */ = {isa = PBXBuildFile; fileRef = A2BA09C327D9C2F10000BC0F /* CellList.swift */; };
		A2E2DC682813FFB200E10014 /* HomePage.swift in Sources */ = {isa = PBXBuildFile; fileRef = A2E2DC672813FFB200E10014 /* HomePage.swift */; };
		A2F3C2AA27C72D94005E03F9 /* FunctionButtonView.swift in Sources */ = {isa = PBXBuildFile; fileRef = A2F3C2A927C72D94005E03F9 /* FunctionButtonView.swift */; };
/* End PBXBuildFile section */

/* Begin PBXFileReference section */
		A254681627B640DC00451876 /* Sudoku-Demo.app */ = {isa = PBXFileReference; explicitFileType = wrapper.application; includeInIndex = 0; path = "Sudoku-Demo.app"; sourceTree = BUILT_PRODUCTS_DIR; };
		A254681927B640DC00451876 /* Sudoku_DemoApp.swift */ = {isa = PBXFileReference; lastKnownFileType = sourcecode.swift; path = Sudoku_DemoApp.swift; sourceTree = "<group>"; };
		A254681B27B640DC00451876 /* HomePageView.swift */ = {isa = PBXFileReference; lastKnownFileType = sourcecode.swift; path = HomePageView.swift; sourceTree = "<group>"; };
		A254681D27B640DE00451876 /* Assets.xcassets */ = {isa = PBXFileReference; lastKnownFileType = folder.assetcatalog; path = Assets.xcassets; sourceTree = "<group>"; };
		A254682027B640DE00451876 /* Preview Assets.xcassets */ = {isa = PBXFileReference; lastKnownFileType = folder.assetcatalog; path = "Preview Assets.xcassets"; sourceTree = "<group>"; };
		A254682727B6419E00451876 /* SudokuViewModel.swift */ = {isa = PBXFileReference; lastKnownFileType = sourcecode.swift; path = SudokuViewModel.swift; sourceTree = "<group>"; };
		A254682927B641BD00451876 /* Cell.swift */ = {isa = PBXFileReference; lastKnownFileType = sourcecode.swift; path = Cell.swift; sourceTree = "<group>"; };
		A254682B27B641C900451876 /* SudokuPageView.swift */ = {isa = PBXFileReference; lastKnownFileType = sourcecode.swift; path = SudokuPageView.swift; sourceTree = "<group>"; };
		A254682D27B641D600451876 /* SudokuCellView.swift */ = {isa = PBXFileReference; lastKnownFileType = sourcecode.swift; path = SudokuCellView.swift; sourceTree = "<group>"; };
		A254683327B6426300451876 /* DLX.swift */ = {isa = PBXFileReference; lastKnownFileType = sourcecode.swift; path = DLX.swift; sourceTree = "<group>"; };
		A254683527B6427100451876 /* DLXController.swift */ = {isa = PBXFileReference; lastKnownFileType = sourcecode.swift; path = DLXController.swift; sourceTree = "<group>"; };
		A254683827B642B200451876 /* AppController.swift */ = {isa = PBXFileReference; lastKnownFileType = sourcecode.swift; path = AppController.swift; sourceTree = "<group>"; };
		A254683A27B642C600451876 /* ColorController.swift */ = {isa = PBXFileReference; lastKnownFileType = sourcecode.swift; path = ColorController.swift; sourceTree = "<group>"; };
		A254686F27BB730800451876 /* FillButtonView.swift */ = {isa = PBXFileReference; lastKnownFileType = sourcecode.swift; path = FillButtonView.swift; sourceTree = "<group>"; };
		A254687127BB74AA00451876 /* UtilModel.swift */ = {isa = PBXFileReference; lastKnownFileType = sourcecode.swift; path = UtilModel.swift; sourceTree = "<group>"; };
		A268D91E27F2B3710018EBDD /* TimeCounter.swift */ = {isa = PBXFileReference; lastKnownFileType = sourcecode.swift; path = TimeCounter.swift; sourceTree = "<group>"; };
		A2BA09C327D9C2F10000BC0F /* CellList.swift */ = {isa = PBXFileReference; lastKnownFileType = sourcecode.swift; path = CellList.swift; sourceTree = "<group>"; };
		A2E2DC672813FFB200E10014 /* HomePage.swift */ = {isa = PBXFileReference; lastKnownFileType = sourcecode.swift; path = HomePage.swift; sourceTree = "<group>"; };
		A2F3C2A927C72D94005E03F9 /* FunctionButtonView.swift */ = {isa = PBXFileReference; lastKnownFileType = sourcecode.swift; path = FunctionButtonView.swift; sourceTree = "<group>"; };
/* End PBXFileReference section */

/* Begin PBXFrameworksBuildPhase section */
		A254681327B640DC00451876 /* Frameworks */ = {
			isa = PBXFrameworksBuildPhase;
			buildActionMask = 2147483647;
			files = (
			);
			runOnlyForDeploymentPostprocessing = 0;
		};
/* End PBXFrameworksBuildPhase section */

/* Begin PBXGroup section */
		A254680D27B640DC00451876 = {
			isa = PBXGroup;
			children = (
				A254681827B640DC00451876 /* Sudoku-Demo */,
				A254681727B640DC00451876 /* Products */,
			);
			sourceTree = "<group>";
		};
		A254681727B640DC00451876 /* Products */ = {
			isa = PBXGroup;
			children = (
				A254681627B640DC00451876 /* Sudoku-Demo.app */,
			);
			name = Products;
			sourceTree = "<group>";
		};
		A254681827B640DC00451876 /* Sudoku-Demo */ = {
			isa = PBXGroup;
			children = (
				A254681927B640DC00451876 /* Sudoku_DemoApp.swift */,
				A254681B27B640DC00451876 /* HomePageView.swift */,
				A254683827B642B200451876 /* AppController.swift */,
				A254683A27B642C600451876 /* ColorController.swift */,
				A254687127BB74AA00451876 /* UtilModel.swift */,
				A2E2DC692813FFBB00E10014 /* HomePart */,
				A254682F27B641F100451876 /* SudokuPart */,
				A254683727B6429A00451876 /* DLXPart */,
				A254681D27B640DE00451876 /* Assets.xcassets */,
				A254681F27B640DE00451876 /* Preview Content */,
			);
			path = "Sudoku-Demo";
			sourceTree = "<group>";
		};
		A254681F27B640DE00451876 /* Preview Content */ = {
			isa = PBXGroup;
			children = (
				A254682027B640DE00451876 /* Preview Assets.xcassets */,
			);
			path = "Preview Content";
			sourceTree = "<group>";
		};
		A254682F27B641F100451876 /* SudokuPart */ = {
			isa = PBXGroup;
			children = (
				A254683027B6421800451876 /* Model */,
				A254683227B6422C00451876 /* ViewModel */,
				A254683127B6422500451876 /* View */,
			);
			path = SudokuPart;
			sourceTree = "<group>";
		};
		A254683027B6421800451876 /* Model */ = {
			isa = PBXGroup;
			children = (
				A254682927B641BD00451876 /* Cell.swift */,
			);
			path = Model;
			sourceTree = "<group>";
		};
		A254683127B6422500451876 /* View */ = {
			isa = PBXGroup;
			children = (
				A254682D27B641D600451876 /* SudokuCellView.swift */,
				A254682B27B641C900451876 /* SudokuPageView.swift */,
				A2F3C2A927C72D94005E03F9 /* FunctionButtonView.swift */,
				A254686F27BB730800451876 /* FillButtonView.swift */,
			);
			path = View;
			sourceTree = "<group>";
		};
		A254683227B6422C00451876 /* ViewModel */ = {
			isa = PBXGroup;
			children = (
				A254682727B6419E00451876 /* SudokuViewModel.swift */,
				A2BA09C327D9C2F10000BC0F /* CellList.swift */,
				A268D91E27F2B3710018EBDD /* TimeCounter.swift */,
			);
			path = ViewModel;
			sourceTree = "<group>";
		};
		A254683727B6429A00451876 /* DLXPart */ = {
			isa = PBXGroup;
			children = (
				A254683327B6426300451876 /* DLX.swift */,
				A254683527B6427100451876 /* DLXController.swift */,
			);
			path = DLXPart;
			sourceTree = "<group>";
		};
		A2E2DC692813FFBB00E10014 /* HomePart */ = {
			isa = PBXGroup;
			children = (
				A2E2DC672813FFB200E10014 /* HomePage.swift */,
			);
			path = HomePart;
			sourceTree = "<group>";
		};
/* End PBXGroup section */

/* Begin PBXNativeTarget section */
		A254681527B640DC00451876 /* Sudoku-Demo */ = {
			isa = PBXNativeTarget;
			buildConfigurationList = A254682427B640DE00451876 /* Build configuration list for PBXNativeTarget "Sudoku-Demo" */;
			buildPhases = (
				A254681227B640DC00451876 /* Sources */,
				A254681327B640DC00451876 /* Frameworks */,
				A254681427B640DC00451876 /* Resources */,
			);
			buildRules = (
			);
			dependencies = (
			);
			name = "Sudoku-Demo";
			productName = "Sudoku-Demo";
			productReference = A254681627B640DC00451876 /* Sudoku-Demo.app */;
			productType = "com.apple.product-type.application";
		};
/* End PBXNativeTarget section */

/* Begin PBXProject section */
		A254680E27B640DC00451876 /* Project object */ = {
			isa = PBXProject;
			attributes = {
				BuildIndependentTargetsInParallel = 1;
				LastSwiftUpdateCheck = 1310;
				LastUpgradeCheck = 1310;
				TargetAttributes = {
					A254681527B640DC00451876 = {
						CreatedOnToolsVersion = 13.1;
					};
				};
			};
			buildConfigurationList = A254681127B640DC00451876 /* Build configuration list for PBXProject "Sudoku-Demo" */;
			compatibilityVersion = "Xcode 13.0";
			developmentRegion = en;
			hasScannedForEncodings = 0;
			knownRegions = (
				en,
				Base,
			);
			mainGroup = A254680D27B640DC00451876;
			productRefGroup = A254681727B640DC00451876 /* Products */;
			projectDirPath = "";
			projectRoot = "";
			targets = (
				A254681527B640DC00451876 /* Sudoku-Demo */,
			);
		};
/* End PBXProject section */

/* Begin PBXResourcesBuildPhase section */
		A254681427B640DC00451876 /* Resources */ = {
			isa = PBXResourcesBuildPhase;
			buildActionMask = 2147483647;
			files = (
				A254682127B640DE00451876 /* Preview Assets.xcassets in Resources */,
				A254681E27B640DE00451876 /* Assets.xcassets in Resources */,
			);
			runOnlyForDeploymentPostprocessing = 0;
		};
/* End PBXResourcesBuildPhase section */

/* Begin PBXSourcesBuildPhase section */
		A254681227B640DC00451876 /* Sources */ = {
			isa = PBXSourcesBuildPhase;
			buildActionMask = 2147483647;
			files = (
				A254682827B6419E00451876 /* SudokuViewModel.swift in Sources */,
				A254683B27B642C600451876 /* ColorController.swift in Sources */,
				A254682E27B641D600451876 /* SudokuCellView.swift in Sources */,
				A268D91F27F2B3710018EBDD /* TimeCounter.swift in Sources */,
				A254687027BB730800451876 /* FillButtonView.swift in Sources */,
				A254683627B6427100451876 /* DLXController.swift in Sources */,
				A2BA09C427D9C2F10000BC0F /* CellList.swift in Sources */,
				A254687227BB74AA00451876 /* UtilModel.swift in Sources */,
				A254682A27B641BD00451876 /* Cell.swift in Sources */,
				A254681C27B640DC00451876 /* HomePageView.swift in Sources */,
				A254683927B642B200451876 /* AppController.swift in Sources */,
				A254682C27B641C900451876 /* SudokuPageView.swift in Sources */,
				A2F3C2AA27C72D94005E03F9 /* FunctionButtonView.swift in Sources */,
				A254683427B6426300451876 /* DLX.swift in Sources */,
				A254681A27B640DC00451876 /* Sudoku_DemoApp.swift in Sources */,
				A2E2DC682813FFB200E10014 /* HomePage.swift in Sources */,
			);
			runOnlyForDeploymentPostprocessing = 0;
		};
/* End PBXSourcesBuildPhase section */

/* Begin XCBuildConfiguration section */
		A254682227B640DE00451876 /* Debug */ = {
			isa = XCBuildConfiguration;
			buildSettings = {
				ALWAYS_SEARCH_USER_PATHS = NO;
				CLANG_ANALYZER_NONNULL = YES;
				CLANG_ANALYZER_NUMBER_OBJECT_CONVERSION = YES_AGGRESSIVE;
				CLANG_CXX_LANGUAGE_STANDARD = "gnu++17";
				CLANG_CXX_LIBRARY = "libc++";
				CLANG_ENABLE_MODULES = YES;
				CLANG_ENABLE_OBJC_ARC = YES;
				CLANG_ENABLE_OBJC_WEAK = YES;
				CLANG_WARN_BLOCK_CAPTURE_AUTORELEASING = YES;
				CLANG_WARN_BOOL_CONVERSION = YES;
				CLANG_WARN_COMMA = YES;
				CLANG_WARN_CONSTANT_CONVERSION = YES;
				CLANG_WARN_DEPRECATED_OBJC_IMPLEMENTATIONS = YES;
				CLANG_WARN_DIRECT_OBJC_ISA_USAGE = YES_ERROR;
				CLANG_WARN_DOCUMENTATION_COMMENTS = YES;
				CLANG_WARN_EMPTY_BODY = YES;
				CLANG_WARN_ENUM_CONVERSION = YES;
				CLANG_WARN_INFINITE_RECURSION = YES;
				CLANG_WARN_INT_CONVERSION = YES;
				CLANG_WARN_NON_LITERAL_NULL_CONVERSION = YES;
				CLANG_WARN_OBJC_IMPLICIT_RETAIN_SELF = YES;
				CLANG_WARN_OBJC_LITERAL_CONVERSION = YES;
				CLANG_WARN_OBJC_ROOT_CLASS = YES_ERROR;
				CLANG_WARN_QUOTED_INCLUDE_IN_FRAMEWORK_HEADER = YES;
				CLANG_WARN_RANGE_LOOP_ANALYSIS = YES;
				CLANG_WARN_STRICT_PROTOTYPES = YES;
				CLANG_WARN_SUSPICIOUS_MOVE = YES;
				CLANG_WARN_UNGUARDED_AVAILABILITY = YES_AGGRESSIVE;
				CLANG_WARN_UNREACHABLE_CODE = YES;
				CLANG_WARN__DUPLICATE_METHOD_MATCH = YES;
				COPY_PHASE_STRIP = NO;
				DEBUG_INFORMATION_FORMAT = dwarf;
				ENABLE_STRICT_OBJC_MSGSEND = YES;
				ENABLE_TESTABILITY = YES;
				GCC_C_LANGUAGE_STANDARD = gnu11;
				GCC_DYNAMIC_NO_PIC = NO;
				GCC_NO_COMMON_BLOCKS = YES;
				GCC_OPTIMIZATION_LEVEL = 0;
				GCC_PREPROCESSOR_DEFINITIONS = (
					"DEBUG=1",
					"$(inherited)",
				);
				GCC_WARN_64_TO_32_BIT_CONVERSION = YES;
				GCC_WARN_ABOUT_RETURN_TYPE = YES_ERROR;
				GCC_WARN_UNDECLARED_SELECTOR = YES;
				GCC_WARN_UNINITIALIZED_AUTOS = YES_AGGRESSIVE;
				GCC_WARN_UNUSED_FUNCTION = YES;
				GCC_WARN_UNUSED_VARIABLE = YES;
				IPHONEOS_DEPLOYMENT_TARGET = 15.0;
				MTL_ENABLE_DEBUG_INFO = INCLUDE_SOURCE;
				MTL_FAST_MATH = YES;
				ONLY_ACTIVE_ARCH = YES;
				SDKROOT = iphoneos;
				SWIFT_ACTIVE_COMPILATION_CONDITIONS = DEBUG;
				SWIFT_OPTIMIZATION_LEVEL = "-Onone";
			};
			name = Debug;
		};
		A254682327B640DE00451876 /* Release */ = {
			isa = XCBuildConfiguration;
			buildSettings = {
				ALWAYS_SEARCH_USER_PATHS = NO;
				CLANG_ANALYZER_NONNULL = YES;
				CLANG_ANALYZER_NUMBER_OBJECT_CONVERSION = YES_AGGRESSIVE;
				CLANG_CXX_LANGUAGE_STANDARD = "gnu++17";
				CLANG_CXX_LIBRARY = "libc++";
				CLANG_ENABLE_MODULES = YES;
				CLANG_ENABLE_OBJC_ARC = YES;
				CLANG_ENABLE_OBJC_WEAK = YES;
				CLANG_WARN_BLOCK_CAPTURE_AUTORELEASING = YES;
				CLANG_WARN_BOOL_CONVERSION = YES;
				CLANG_WARN_COMMA = YES;
				CLANG_WARN_CONSTANT_CONVERSION = YES;
				CLANG_WARN_DEPRECATED_OBJC_IMPLEMENTATIONS = YES;
				CLANG_WARN_DIRECT_OBJC_ISA_USAGE = YES_ERROR;
				CLANG_WARN_DOCUMENTATION_COMMENTS = YES;
				CLANG_WARN_EMPTY_BODY = YES;
				CLANG_WARN_ENUM_CONVERSION = YES;
				CLANG_WARN_INFINITE_RECURSION = YES;
				CLANG_WARN_INT_CONVERSION = YES;
				CLANG_WARN_NON_LITERAL_NULL_CONVERSION = YES;
				CLANG_WARN_OBJC_IMPLICIT_RETAIN_SELF = YES;
				CLANG_WARN_OBJC_LITERAL_CONVERSION = YES;
				CLANG_WARN_OBJC_ROOT_CLASS = YES_ERROR;
				CLANG_WARN_QUOTED_INCLUDE_IN_FRAMEWORK_HEADER = YES;
				CLANG_WARN_RANGE_LOOP_ANALYSIS = YES;
				CLANG_WARN_STRICT_PROTOTYPES = YES;
				CLANG_WARN_SUSPICIOUS_MOVE = YES;
				CLANG_WARN_UNGUARDED_AVAILABILITY = YES_AGGRESSIVE;
				CLANG_WARN_UNREACHABLE_CODE = YES;
				CLANG_WARN__DUPLICATE_METHOD_MATCH = YES;
				COPY_PHASE_STRIP = NO;
				DEBUG_INFORMATION_FORMAT = "dwarf-with-dsym";
				ENABLE_NS_ASSERTIONS = NO;
				ENABLE_STRICT_OBJC_MSGSEND = YES;
				GCC_C_LANGUAGE_STANDARD = gnu11;
				GCC_NO_COMMON_BLOCKS = YES;
				GCC_WARN_64_TO_32_BIT_CONVERSION = YES;
				GCC_WARN_ABOUT_RETURN_TYPE = YES_ERROR;
				GCC_WARN_UNDECLARED_SELECTOR = YES;
				GCC_WARN_UNINITIALIZED_AUTOS = YES_AGGRESSIVE;
				GCC_WARN_UNUSED_FUNCTION = YES;
				GCC_WARN_UNUSED_VARIABLE = YES;
				IPHONEOS_DEPLOYMENT_TARGET = 15.0;
				MTL_ENABLE_DEBUG_INFO = NO;
				MTL_FAST_MATH = YES;
				SDKROOT = iphoneos;
				SWIFT_COMPILATION_MODE = wholemodule;
				SWIFT_OPTIMIZATION_LEVEL = "-O";
				VALIDATE_PRODUCT = YES;
			};
			name = Release;
		};
		A254682527B640DE00451876 /* Debug */ = {
			isa = XCBuildConfiguration;
			buildSettings = {
				ASSETCATALOG_COMPILER_APPICON_NAME = AppIcon;
				ASSETCATALOG_COMPILER_GLOBAL_ACCENT_COLOR_NAME = AccentColor;
				CODE_SIGN_STYLE = Automatic;
				CURRENT_PROJECT_VERSION = 1;
				DEVELOPMENT_ASSET_PATHS = "\"Sudoku-Demo/Preview Content\"";
				DEVELOPMENT_TEAM = 65972SHM9W;
				ENABLE_PREVIEWS = YES;
				GENERATE_INFOPLIST_FILE = YES;
				INFOPLIST_KEY_UIApplicationSceneManifest_Generation = YES;
				INFOPLIST_KEY_UIApplicationSupportsIndirectInputEvents = YES;
				INFOPLIST_KEY_UILaunchScreen_Generation = YES;
				INFOPLIST_KEY_UISupportedInterfaceOrientations_iPad = "UIInterfaceOrientationPortrait UIInterfaceOrientationPortraitUpsideDown UIInterfaceOrientationLandscapeLeft UIInterfaceOrientationLandscapeRight";
				INFOPLIST_KEY_UISupportedInterfaceOrientations_iPhone = "UIInterfaceOrientationPortrait UIInterfaceOrientationLandscapeLeft UIInterfaceOrientationLandscapeRight";
				LD_RUNPATH_SEARCH_PATHS = (
					"$(inherited)",
					"@executable_path/Frameworks",
				);
				MARKETING_VERSION = 1.0;
				PRODUCT_BUNDLE_IDENTIFIER = "swiftTest.Sudoku-Demo";
				PRODUCT_NAME = "$(TARGET_NAME)";
				SWIFT_EMIT_LOC_STRINGS = YES;
				SWIFT_VERSION = 5.0;
				TARGETED_DEVICE_FAMILY = "1,2";
			};
			name = Debug;
		};
		A254682627B640DE00451876 /* Release */ = {
			isa = XCBuildConfiguration;
			buildSettings = {
				ASSETCATALOG_COMPILER_APPICON_NAME = AppIcon;
				ASSETCATALOG_COMPILER_GLOBAL_ACCENT_COLOR_NAME = AccentColor;
				CODE_SIGN_STYLE = Automatic;
				CURRENT_PROJECT_VERSION = 1;
				DEVELOPMENT_ASSET_PATHS = "\"Sudoku-Demo/Preview Content\"";
				DEVELOPMENT_TEAM = 65972SHM9W;
				ENABLE_PREVIEWS = YES;
				GENERATE_INFOPLIST_FILE = YES;
				INFOPLIST_KEY_UIApplicationSceneManifest_Generation = YES;
				INFOPLIST_KEY_UIApplicationSupportsIndirectInputEvents = YES;
				INFOPLIST_KEY_UILaunchScreen_Generation = YES;
				INFOPLIST_KEY_UISupportedInterfaceOrientations_iPad = "UIInterfaceOrientationPortrait UIInterfaceOrientationPortraitUpsideDown UIInterfaceOrientationLandscapeLeft UIInterfaceOrientationLandscapeRight";
				INFOPLIST_KEY_UISupportedInterfaceOrientations_iPhone = "UIInterfaceOrientationPortrait UIInterfaceOrientationLandscapeLeft UIInterfaceOrientationLandscapeRight";
				LD_RUNPATH_SEARCH_PATHS = (
					"$(inherited)",
					"@executable_path/Frameworks",
				);
				MARKETING_VERSION = 1.0;
				PRODUCT_BUNDLE_IDENTIFIER = "swiftTest.Sudoku-Demo";
				PRODUCT_NAME = "$(TARGET_NAME)";
				SWIFT_EMIT_LOC_STRINGS = YES;
				SWIFT_VERSION = 5.0;
				TARGETED_DEVICE_FAMILY = "1,2";
			};
			name = Release;
		};
/* End XCBuildConfiguration section */

/* Begin XCConfigurationList section */
		A254681127B640DC00451876 /* Build configuration list for PBXProject "Sudoku-Demo" */ = {
			isa = XCConfigurationList;
			buildConfigurations = (
				A254682227B640DE00451876 /* Debug */,
				A254682327B640DE00451876 /* Release */,
			);
			defaultConfigurationIsVisible = 0;
			defaultConfigurationName = Release;
		};
		A254682427B640DE00451876 /* Build configuration list for PBXNativeTarget "Sudoku-Demo" */ = {
			isa = XCConfigurationList;
			buildConfigurations = (
				A254682527B640DE00451876 /* Debug */,
				A254682627B640DE00451876 /* Release */,
			);
			defaultConfigurationIsVisible = 0;
			defaultConfigurationName = Release;
		};
/* End XCConfigurationList section */
	};
	rootObject = A254680E27B640DC00451876 /* Project object */;
}
